
Microsoft Visual Studio Solution File, Format Version 12.00
# Visual Studio Version 16
VisualStudioVersion = 16.0.31702.278
MinimumVisualStudioVersion = 10.0.40219.1
Project("{FAE04EC0-301F-11D3-BF4B-00C04F79EFBC}") = "User", "User\User.csproj", "{63AFA034-8537-4C04-B285-CAAD6C3322FD}"
EndProject
Global
	GlobalSection(SolutionConfigurationPlatforms) = preSolution
		Debug|Any CPU = Debug|Any CPU
		Release|Any CPU = Release|Any CPU
	EndGlobalSection
	GlobalSection(ProjectConfigurationPlatforms) = postSolution
		{63AFA034-8537-4C04-B285-CAAD6C3322FD}.Debug|Any CPU.ActiveCfg = Debug|Any CPU
		{63AFA034-8537-4C04-B285-CAAD6C3322FD}.Debug|Any CPU.Build.0 = Debug|Any CPU
		{63AFA034-8537-4C04-B285-CAAD6C3322FD}.Release|Any CPU.ActiveCfg = Release|Any CPU
		{63AFA034-8537-4C04-B285-CAAD6C3322FD}.Release|Any CPU.Build.0 = Release|Any CPU
	EndGlobalSection
	GlobalSection(SolutionProperties) = preSolution
		HideSolutionNode = FALSE
	EndGlobalSection
	GlobalSection(ExtensibilityGlobals) = postSolution
		SolutionGuid = {14F386E8-FCA4-4871-977E-9CB58C84D810}
	EndGlobalSection
EndGlobal
