
Microsoft Visual Studio Solution File, Format Version 12.00
# Visual Studio Version 16
VisualStudioVersion = 16.0.31829.152
MinimumVisualStudioVersion = 10.0.40219.1
Project("{FAE04EC0-301F-11D3-BF4B-00C04F79EFBC}") = "Group13_TMS_Master_Solution", "Group13_TMS_Master_Solution\Group13_TMS_Master_Solution.csproj", "{63AFA034-8537-4C04-B285-CAAD6C3322FD}"
EndProject
Project("{FAE04EC0-301F-11D3-BF4B-00C04F79EFBC}") = "ConnectToDatabase", "..\..\ConnectToDatabase\ConnectToDatabase.csproj", "{FE11A436-912C-46BF-A07C-1B7A3D3F37DF}"
EndProject
Project("{FAE04EC0-301F-11D3-BF4B-00C04F79EFBC}") = "SQLConnectorLibrary", "SQLConnectorLibrary\SQLConnectorLibrary.csproj", "{68DF36FD-5F10-4A65-8C25-900D50C52AFC}"
EndProject
Project("{FAE04EC0-301F-11D3-BF4B-00C04F79EFBC}") = "TMSObjectLibrary", "TMSObjectLibrary\TMSObjectLibrary.csproj", "{849EDBF0-A384-4A3F-9AC5-6444D471C28F}"
EndProject
Project("{FAE04EC0-301F-11D3-BF4B-00C04F79EFBC}") = "TMSUserLibrary", "TMSUserLibrary\TMSUserLibrary.csproj", "{B997BF4C-04DE-4E35-B259-E333F2D93A77}"
EndProject
Project("{FAE04EC0-301F-11D3-BF4B-00C04F79EFBC}") = "User", "..\..\TMS_UI\User\User\User.csproj", "{C90887B6-CB48-4055-AB9B-69CBEAC9CC8B}"
EndProject
Global
	GlobalSection(SolutionConfigurationPlatforms) = preSolution
		Debug|Any CPU = Debug|Any CPU
		Release|Any CPU = Release|Any CPU
	EndGlobalSection
	GlobalSection(ProjectConfigurationPlatforms) = postSolution
		{63AFA034-8537-4C04-B285-CAAD6C3322FD}.Debug|Any CPU.ActiveCfg = Debug|Any CPU
		{63AFA034-8537-4C04-B285-CAAD6C3322FD}.Debug|Any CPU.Build.0 = Debug|Any CPU
		{63AFA034-8537-4C04-B285-CAAD6C3322FD}.Release|Any CPU.ActiveCfg = Release|Any CPU
		{63AFA034-8537-4C04-B285-CAAD6C3322FD}.Release|Any CPU.Build.0 = Release|Any CPU
		{FE11A436-912C-46BF-A07C-1B7A3D3F37DF}.Debug|Any CPU.ActiveCfg = Debug|Any CPU
		{FE11A436-912C-46BF-A07C-1B7A3D3F37DF}.Debug|Any CPU.Build.0 = Debug|Any CPU
		{FE11A436-912C-46BF-A07C-1B7A3D3F37DF}.Release|Any CPU.ActiveCfg = Release|Any CPU
		{FE11A436-912C-46BF-A07C-1B7A3D3F37DF}.Release|Any CPU.Build.0 = Release|Any CPU
		{68DF36FD-5F10-4A65-8C25-900D50C52AFC}.Debug|Any CPU.ActiveCfg = Debug|Any CPU
		{68DF36FD-5F10-4A65-8C25-900D50C52AFC}.Debug|Any CPU.Build.0 = Debug|Any CPU
		{68DF36FD-5F10-4A65-8C25-900D50C52AFC}.Release|Any CPU.ActiveCfg = Release|Any CPU
		{68DF36FD-5F10-4A65-8C25-900D50C52AFC}.Release|Any CPU.Build.0 = Release|Any CPU
		{849EDBF0-A384-4A3F-9AC5-6444D471C28F}.Debug|Any CPU.ActiveCfg = Debug|Any CPU
		{849EDBF0-A384-4A3F-9AC5-6444D471C28F}.Debug|Any CPU.Build.0 = Debug|Any CPU
		{849EDBF0-A384-4A3F-9AC5-6444D471C28F}.Release|Any CPU.ActiveCfg = Release|Any CPU
		{849EDBF0-A384-4A3F-9AC5-6444D471C28F}.Release|Any CPU.Build.0 = Release|Any CPU
		{B997BF4C-04DE-4E35-B259-E333F2D93A77}.Debug|Any CPU.ActiveCfg = Debug|Any CPU
		{B997BF4C-04DE-4E35-B259-E333F2D93A77}.Debug|Any CPU.Build.0 = Debug|Any CPU
		{B997BF4C-04DE-4E35-B259-E333F2D93A77}.Release|Any CPU.ActiveCfg = Release|Any CPU
		{B997BF4C-04DE-4E35-B259-E333F2D93A77}.Release|Any CPU.Build.0 = Release|Any CPU
		{C90887B6-CB48-4055-AB9B-69CBEAC9CC8B}.Debug|Any CPU.ActiveCfg = Debug|Any CPU
		{C90887B6-CB48-4055-AB9B-69CBEAC9CC8B}.Debug|Any CPU.Build.0 = Debug|Any CPU
		{C90887B6-CB48-4055-AB9B-69CBEAC9CC8B}.Release|Any CPU.ActiveCfg = Release|Any CPU
		{C90887B6-CB48-4055-AB9B-69CBEAC9CC8B}.Release|Any CPU.Build.0 = Release|Any CPU
	EndGlobalSection
	GlobalSection(SolutionProperties) = preSolution
		HideSolutionNode = FALSE
	EndGlobalSection
	GlobalSection(ExtensibilityGlobals) = postSolution
		SolutionGuid = {234E16B5-67BE-4E1F-B338-FF13147A55B6}
	EndGlobalSection
EndGlobal
